
Microsoft Visual Studio Solution File, Format Version 12.00
# Visual Studio Version 17
VisualStudioVersion = 17.9.34728.123
MinimumVisualStudioVersion = 10.0.40219.1
Project("{FAE04EC0-301F-11D3-BF4B-00C04F79EFBC}") = "ResizeImage", "ResizeImage\ResizeImage.csproj", "{F14461E6-C2BC-4D40-970A-085576E5FE2E}"
EndProject
Global
	GlobalSection(SolutionConfigurationPlatforms) = preSolution
		Debug|Any CPU = Debug|Any CPU
		Release|Any CPU = Release|Any CPU
	EndGlobalSection
	GlobalSection(ProjectConfigurationPlatforms) = postSolution
		{F14461E6-C2BC-4D40-970A-085576E5FE2E}.Debug|Any CPU.ActiveCfg = Debug|Any CPU
		{F14461E6-C2BC-4D40-970A-085576E5FE2E}.Debug|Any CPU.Build.0 = Debug|Any CPU
		{F14461E6-C2BC-4D40-970A-085576E5FE2E}.Release|Any CPU.ActiveCfg = Release|Any CPU
		{F14461E6-C2BC-4D40-970A-085576E5FE2E}.Release|Any CPU.Build.0 = Release|Any CPU
	EndGlobalSection
	GlobalSection(SolutionProperties) = preSolution
		HideSolutionNode = FALSE
	EndGlobalSection
	GlobalSection(ExtensibilityGlobals) = postSolution
		SolutionGuid = {2F4018AE-389D-42C6-A82E-9E0494240D36}
	EndGlobalSection
EndGlobal
